{
  "name": "@mconnect/mcmail",
  "version": "0.4.0",
  "lockfileVersion": 2,
  "requires": true,
  "packages": {
    "": {
      "name": "@mconnect/mcmail",
      "version": "0.4.0",
      "license": "MIT",
      "dependencies": {
        "@mconnect/mcresponse": "^0.5.2",
        "nodemailer": "^6.7.5"
      },
      "devDependencies": {
        "@mconnect/mctest": "^0.5.5",
        "@types/node": "^17.0.33",
        "@types/nodemailer": "^6.4.4",
        "typescript": "^4.6.4"
      }
    },
    "node_modules/@mconnect/mcresponse": {
      "version": "0.5.2",
      "resolved": "https://registry.npmjs.org/@mconnect/mcresponse/-/mcresponse-0.5.2.tgz",
      "integrity": "sha512-Jrh2FNTf0XG94GPx/Rk8YPkTbesG+THRVZqFKauI4pdogcmvAAHZDQtO4rd8fiWDfvmmI/hpM1MpzF/k8WMWAQ=="
    },
    "node_modules/@mconnect/mctest": {
      "version": "0.5.5",
      "resolved": "https://registry.npmjs.org/@mconnect/mctest/-/mctest-0.5.5.tgz",
      "integrity": "sha512-2Dvl7sMg/DQlQ29yWiSWCvrslGqOAEHCMFKDkpRWsdPJ1U2MNBQEtd0OJJAkOdjy9/haUeeZNHy+zqPiLuKldQ==",
      "dev": true
    },
    "node_modules/@types/node": {
      "version": "17.0.33",
      "resolved": "https://registry.npmjs.org/@types/node/-/node-17.0.33.tgz",
      "integrity": "sha512-miWq2m2FiQZmaHfdZNcbpp9PuXg34W5JZ5CrJ/BaS70VuhoJENBEQybeiYSaPBRNq6KQGnjfEnc/F3PN++D+XQ==",
      "dev": true
    },
    "node_modules/@types/nodemailer": {
      "version": "6.4.4",
      "resolved": "https://registry.npmjs.org/@types/nodemailer/-/nodemailer-6.4.4.tgz",
      "integrity": "sha512-Ksw4t7iliXeYGvIQcSIgWQ5BLuC/mljIEbjf615svhZL10PE9t+ei8O9gDaD3FPCasUJn9KTLwz2JFJyiiyuqw==",
      "dev": true,
      "dependencies": {
        "@types/node": "*"
      }
    },
    "node_modules/nodemailer": {
      "version": "6.7.5",
      "resolved": "https://registry.npmjs.org/nodemailer/-/nodemailer-6.7.5.tgz",
      "integrity": "sha512-6VtMpwhsrixq1HDYSBBHvW0GwiWawE75dS3oal48VqRhUvKJNnKnJo2RI/bCVQubj1vgrgscMNW4DHaD6xtMCg==",
      "engines": {
        "node": ">=6.0.0"
      }
    },
    "node_modules/typescript": {
      "version": "4.6.4",
      "resolved": "https://registry.npmjs.org/typescript/-/typescript-4.6.4.tgz",
      "integrity": "sha512-9ia/jWHIEbo49HfjrLGfKbZSuWo9iTMwXO+Ca3pRsSpbsMbc7/IU8NKdCZVRRBafVPGnoJeFL76ZOAA84I9fEg==",
      "dev": true,
      "bin": {
        "tsc": "bin/tsc",
        "tsserver": "bin/tsserver"
      },
      "engines": {
        "node": ">=4.2.0"
      }
    }
  },
  "dependencies": {
    "@mconnect/mcresponse": {
      "version": "0.5.2",
      "resolved": "https://registry.npmjs.org/@mconnect/mcresponse/-/mcresponse-0.5.2.tgz",
      "integrity": "sha512-Jrh2FNTf0XG94GPx/Rk8YPkTbesG+THRVZqFKauI4pdogcmvAAHZDQtO4rd8fiWDfvmmI/hpM1MpzF/k8WMWAQ=="
    },
    "@mconnect/mctest": {
      "version": "0.5.5",
      "resolved": "https://registry.npmjs.org/@mconnect/mctest/-/mctest-0.5.5.tgz",
      "integrity": "sha512-2Dvl7sMg/DQlQ29yWiSWCvrslGqOAEHCMFKDkpRWsdPJ1U2MNBQEtd0OJJAkOdjy9/haUeeZNHy+zqPiLuKldQ==",
      "dev": true
    },
    "@types/node": {
      "version": "17.0.33",
      "resolved": "https://registry.npmjs.org/@types/node/-/node-17.0.33.tgz",
      "integrity": "sha512-miWq2m2FiQZmaHfdZNcbpp9PuXg34W5JZ5CrJ/BaS70VuhoJENBEQybeiYSaPBRNq6KQGnjfEnc/F3PN++D+XQ==",
      "dev": true
    },
    "@types/nodemailer": {
      "version": "6.4.4",
      "resolved": "https://registry.npmjs.org/@types/nodemailer/-/nodemailer-6.4.4.tgz",
      "integrity": "sha512-Ksw4t7iliXeYGvIQcSIgWQ5BLuC/mljIEbjf615svhZL10PE9t+ei8O9gDaD3FPCasUJn9KTLwz2JFJyiiyuqw==",
      "dev": true,
      "requires": {
        "@types/node": "*"
      }
    },
    "nodemailer": {
      "version": "6.7.5",
      "resolved": "https://registry.npmjs.org/nodemailer/-/nodemailer-6.7.5.tgz",
      "integrity": "sha512-6VtMpwhsrixq1HDYSBBHvW0GwiWawE75dS3oal48VqRhUvKJNnKnJo2RI/bCVQubj1vgrgscMNW4DHaD6xtMCg=="
    },
    "typescript": {
      "version": "4.6.4",
      "resolved": "https://registry.npmjs.org/typescript/-/typescript-4.6.4.tgz",
      "integrity": "sha512-9ia/jWHIEbo49HfjrLGfKbZSuWo9iTMwXO+Ca3pRsSpbsMbc7/IU8NKdCZVRRBafVPGnoJeFL76ZOAA84I9fEg==",
      "dev": true
    }
  }
}
